
Microsoft Visual Studio Solution File, Format Version 12.00
# Visual Studio Version 17
VisualStudioVersion = 17.5.33424.131
MinimumVisualStudioVersion = 10.0.40219.1
Project("{FAE04EC0-301F-11D3-BF4B-00C04F79EFBC}") = "UserIdentityDemo", "UserIdentityDemo.csproj", "{3F6B0296-5CE5-42D5-89C2-0277D7DF6574}"
EndProject
Global
	GlobalSection(SolutionConfigurationPlatforms) = preSolution
		Debug|Any CPU = Debug|Any CPU
		Release|Any CPU = Release|Any CPU
	EndGlobalSection
	GlobalSection(ProjectConfigurationPlatforms) = postSolution
		{3F6B0296-5CE5-42D5-89C2-0277D7DF6574}.Debug|Any CPU.ActiveCfg = Debug|Any CPU
		{3F6B0296-5CE5-42D5-89C2-0277D7DF6574}.Debug|Any CPU.Build.0 = Debug|Any CPU
		{3F6B0296-5CE5-42D5-89C2-0277D7DF6574}.Release|Any CPU.ActiveCfg = Release|Any CPU
		{3F6B0296-5CE5-42D5-89C2-0277D7DF6574}.Release|Any CPU.Build.0 = Release|Any CPU
	EndGlobalSection
	GlobalSection(SolutionProperties) = preSolution
		HideSolutionNode = FALSE
	EndGlobalSection
	GlobalSection(ExtensibilityGlobals) = postSolution
		SolutionGuid = {17D7158B-6243-4D04-9790-E3DCE8F84121}
	EndGlobalSection
EndGlobal
