
Microsoft Visual Studio Solution File, Format Version 12.00
# Visual Studio Version 17
VisualStudioVersion = 17.4.33122.133
MinimumVisualStudioVersion = 10.0.40219.1
Project("{FAE04EC0-301F-11D3-BF4B-00C04F79EFBC}") = "GenericRepo", "GenericRepo.csproj", "{749191A1-0028-449F-906A-4A9896154E51}"
EndProject
Project("{FAE04EC0-301F-11D3-BF4B-00C04F79EFBC}") = "GR.Data", "..\GR.Data\GR.Data.csproj", "{A3D03480-AB5D-4907-8960-5A0A39F0A9DF}"
EndProject
Global
	GlobalSection(SolutionConfigurationPlatforms) = preSolution
		Debug|Any CPU = Debug|Any CPU
		Release|Any CPU = Release|Any CPU
	EndGlobalSection
	GlobalSection(ProjectConfigurationPlatforms) = postSolution
		{749191A1-0028-449F-906A-4A9896154E51}.Debug|Any CPU.ActiveCfg = Debug|Any CPU
		{749191A1-0028-449F-906A-4A9896154E51}.Debug|Any CPU.Build.0 = Debug|Any CPU
		{749191A1-0028-449F-906A-4A9896154E51}.Release|Any CPU.ActiveCfg = Release|Any CPU
		{749191A1-0028-449F-906A-4A9896154E51}.Release|Any CPU.Build.0 = Release|Any CPU
		{A3D03480-AB5D-4907-8960-5A0A39F0A9DF}.Debug|Any CPU.ActiveCfg = Debug|Any CPU
		{A3D03480-AB5D-4907-8960-5A0A39F0A9DF}.Debug|Any CPU.Build.0 = Debug|Any CPU
		{A3D03480-AB5D-4907-8960-5A0A39F0A9DF}.Release|Any CPU.ActiveCfg = Release|Any CPU
		{A3D03480-AB5D-4907-8960-5A0A39F0A9DF}.Release|Any CPU.Build.0 = Release|Any CPU
	EndGlobalSection
	GlobalSection(SolutionProperties) = preSolution
		HideSolutionNode = FALSE
	EndGlobalSection
	GlobalSection(ExtensibilityGlobals) = postSolution
		SolutionGuid = {529570A8-CA86-437D-A5D8-022F7A4DD60C}
	EndGlobalSection
EndGlobal
