
Microsoft Visual Studio Solution File, Format Version 12.00
# Visual Studio Version 17
VisualStudioVersion = 17.9.34607.119
MinimumVisualStudioVersion = 10.0.40219.1
Project("{FAE04EC0-301F-11D3-BF4B-00C04F79EFBC}") = "EncryptionDecryption", "EncryptionDecryption.csproj", "{2D1379F6-E68E-4E96-84BF-2CB8843077DB}"
EndProject
Global
	GlobalSection(SolutionConfigurationPlatforms) = preSolution
		Debug|Any CPU = Debug|Any CPU
		Release|Any CPU = Release|Any CPU
	EndGlobalSection
	GlobalSection(ProjectConfigurationPlatforms) = postSolution
		{2D1379F6-E68E-4E96-84BF-2CB8843077DB}.Debug|Any CPU.ActiveCfg = Debug|Any CPU
		{2D1379F6-E68E-4E96-84BF-2CB8843077DB}.Debug|Any CPU.Build.0 = Debug|Any CPU
		{2D1379F6-E68E-4E96-84BF-2CB8843077DB}.Release|Any CPU.ActiveCfg = Release|Any CPU
		{2D1379F6-E68E-4E96-84BF-2CB8843077DB}.Release|Any CPU.Build.0 = Release|Any CPU
	EndGlobalSection
	GlobalSection(SolutionProperties) = preSolution
		HideSolutionNode = FALSE
	EndGlobalSection
	GlobalSection(ExtensibilityGlobals) = postSolution
		SolutionGuid = {9437FA5F-35A5-40D2-A975-A1C481E90CDC}
	EndGlobalSection
EndGlobal
