
Microsoft Visual Studio Solution File, Format Version 12.00
# Visual Studio Version 17
VisualStudioVersion = 17.5.33424.131
MinimumVisualStudioVersion = 10.0.40219.1
Project("{FAE04EC0-301F-11D3-BF4B-00C04F79EFBC}") = "FactoryPattern", "FactoryPattern.csproj", "{4D393417-340A-4468-8B39-3DBEDBF96533}"
EndProject
Global
	GlobalSection(SolutionConfigurationPlatforms) = preSolution
		Debug|Any CPU = Debug|Any CPU
		Release|Any CPU = Release|Any CPU
	EndGlobalSection
	GlobalSection(ProjectConfigurationPlatforms) = postSolution
		{4D393417-340A-4468-8B39-3DBEDBF96533}.Debug|Any CPU.ActiveCfg = Debug|Any CPU
		{4D393417-340A-4468-8B39-3DBEDBF96533}.Debug|Any CPU.Build.0 = Debug|Any CPU
		{4D393417-340A-4468-8B39-3DBEDBF96533}.Release|Any CPU.ActiveCfg = Release|Any CPU
		{4D393417-340A-4468-8B39-3DBEDBF96533}.Release|Any CPU.Build.0 = Release|Any CPU
	EndGlobalSection
	GlobalSection(SolutionProperties) = preSolution
		HideSolutionNode = FALSE
	EndGlobalSection
	GlobalSection(ExtensibilityGlobals) = postSolution
		SolutionGuid = {74FBB5D3-C96E-4627-A51C-B381B12BB6DE}
	EndGlobalSection
EndGlobal
